// !$*UTF8*$!
{
	archiveVersion = 1;
	classes = {
	};
	objectVersion = 46;
	objects = {

/* Begin PBXBuildFile section */
		2C4BAF2E1F6AB48600CC7443 /* euler6.swift in Sources */ = {isa = PBXBuildFile; fileRef = 2C4BAF2D1F6AB48600CC7443 /* euler6.swift */; };
		2CAFA86D1F6BDD0600A56E6C /* euler9.swift in Sources */ = {isa = PBXBuildFile; fileRef = 2CAFA86C1F6BDD0600A56E6C /* euler9.swift */; };
		2CAFA86F1F6BE02900A56E6C /* support.swift in Sources */ = {isa = PBXBuildFile; fileRef = 2CAFA86E1F6BE02900A56E6C /* support.swift */; };
		2CAFA8711F6BE04900A56E6C /* euler7.swift in Sources */ = {isa = PBXBuildFile; fileRef = 2CAFA8701F6BE04900A56E6C /* euler7.swift */; };
		2CAFA8731F6BE2EF00A56E6C /* euler14.swift in Sources */ = {isa = PBXBuildFile; fileRef = 2CAFA8721F6BE2EF00A56E6C /* euler14.swift */; };
		67412A241F6A13EF008DBAED /* main.swift in Sources */ = {isa = PBXBuildFile; fileRef = 67412A231F6A13EF008DBAED /* main.swift */; };
		67412A2B1F6A14A2008DBAED /* euler1.swift in Sources */ = {isa = PBXBuildFile; fileRef = 67412A2A1F6A14A2008DBAED /* euler1.swift */; };
		67412A2D1F6A1631008DBAED /* euler2.swift in Sources */ = {isa = PBXBuildFile; fileRef = 67412A2C1F6A1631008DBAED /* euler2.swift */; };
		67412A2F1F6A1793008DBAED /* euler3.swift in Sources */ = {isa = PBXBuildFile; fileRef = 67412A2E1F6A1793008DBAED /* euler3.swift */; };
		67412A311F6B4933008DBAED /* euler4.swift in Sources */ = {isa = PBXBuildFile; fileRef = 67412A301F6B4933008DBAED /* euler4.swift */; };
		67412A331F6B6219008DBAED /* euler5.swift in Sources */ = {isa = PBXBuildFile; fileRef = 67412A321F6B6219008DBAED /* euler5.swift */; };
/* End PBXBuildFile section */

/* Begin PBXCopyFilesBuildPhase section */
		67412A1E1F6A13EF008DBAED /* CopyFiles */ = {
			isa = PBXCopyFilesBuildPhase;
			buildActionMask = 2147483647;
			dstPath = /usr/share/man/man1/;
			dstSubfolderSpec = 0;
			files = (
			);
			runOnlyForDeploymentPostprocessing = 1;
		};
/* End PBXCopyFilesBuildPhase section */

/* Begin PBXFileReference section */
		2C4BAF2D1F6AB48600CC7443 /* euler6.swift */ = {isa = PBXFileReference; fileEncoding = 4; lastKnownFileType = sourcecode.swift; path = euler6.swift; sourceTree = "<group>"; };
		2CAFA86C1F6BDD0600A56E6C /* euler9.swift */ = {isa = PBXFileReference; fileEncoding = 4; lastKnownFileType = sourcecode.swift; path = euler9.swift; sourceTree = "<group>"; };
		2CAFA86E1F6BE02900A56E6C /* support.swift */ = {isa = PBXFileReference; fileEncoding = 4; lastKnownFileType = sourcecode.swift; path = support.swift; sourceTree = "<group>"; };
		2CAFA8701F6BE04900A56E6C /* euler7.swift */ = {isa = PBXFileReference; fileEncoding = 4; lastKnownFileType = sourcecode.swift; path = euler7.swift; sourceTree = "<group>"; };
		2CAFA8721F6BE2EF00A56E6C /* euler14.swift */ = {isa = PBXFileReference; fileEncoding = 4; lastKnownFileType = sourcecode.swift; path = euler14.swift; sourceTree = "<group>"; };
		67412A201F6A13EF008DBAED /* euler */ = {isa = PBXFileReference; explicitFileType = "compiled.mach-o.executable"; includeInIndex = 0; path = euler; sourceTree = BUILT_PRODUCTS_DIR; };
		67412A231F6A13EF008DBAED /* main.swift */ = {isa = PBXFileReference; lastKnownFileType = sourcecode.swift; path = main.swift; sourceTree = "<group>"; };
		67412A2A1F6A14A2008DBAED /* euler1.swift */ = {isa = PBXFileReference; fileEncoding = 4; lastKnownFileType = sourcecode.swift; path = euler1.swift; sourceTree = "<group>"; };
		67412A2C1F6A1631008DBAED /* euler2.swift */ = {isa = PBXFileReference; fileEncoding = 4; lastKnownFileType = sourcecode.swift; path = euler2.swift; sourceTree = "<group>"; };
		67412A2E1F6A1793008DBAED /* euler3.swift */ = {isa = PBXFileReference; fileEncoding = 4; lastKnownFileType = sourcecode.swift; path = euler3.swift; sourceTree = "<group>"; };
		67412A301F6B4933008DBAED /* euler4.swift */ = {isa = PBXFileReference; fileEncoding = 4; lastKnownFileType = sourcecode.swift; path = euler4.swift; sourceTree = "<group>"; };
		67412A321F6B6219008DBAED /* euler5.swift */ = {isa = PBXFileReference; fileEncoding = 4; lastKnownFileType = sourcecode.swift; path = euler5.swift; sourceTree = "<group>"; };
/* End PBXFileReference section */

/* Begin PBXFrameworksBuildPhase section */
		67412A1D1F6A13EF008DBAED /* Frameworks */ = {
			isa = PBXFrameworksBuildPhase;
			buildActionMask = 2147483647;
			files = (
			);
			runOnlyForDeploymentPostprocessing = 0;
		};
/* End PBXFrameworksBuildPhase section */

/* Begin PBXGroup section */
		67412A171F6A13EF008DBAED = {
			isa = PBXGroup;
			children = (
				67412A221F6A13EF008DBAED /* euler */,
				67412A211F6A13EF008DBAED /* Products */,
			);
			sourceTree = "<group>";
		};
		67412A211F6A13EF008DBAED /* Products */ = {
			isa = PBXGroup;
			children = (
				67412A201F6A13EF008DBAED /* euler */,
			);
			name = Products;
			sourceTree = "<group>";
		};
		67412A221F6A13EF008DBAED /* euler */ = {
			isa = PBXGroup;
			children = (
				67412A231F6A13EF008DBAED /* main.swift */,
				2CAFA86E1F6BE02900A56E6C /* support.swift */,
				67412A2A1F6A14A2008DBAED /* euler1.swift */,
				67412A2C1F6A1631008DBAED /* euler2.swift */,
				67412A2E1F6A1793008DBAED /* euler3.swift */,
				67412A301F6B4933008DBAED /* euler4.swift */,
				67412A321F6B6219008DBAED /* euler5.swift */,
				2C4BAF2D1F6AB48600CC7443 /* euler6.swift */,
				2CAFA8701F6BE04900A56E6C /* euler7.swift */,
				2CAFA86C1F6BDD0600A56E6C /* euler9.swift */,
				2CAFA8721F6BE2EF00A56E6C /* euler14.swift */,
			);
			path = euler;
			sourceTree = "<group>";
		};
/* End PBXGroup section */

/* Begin PBXNativeTarget section */
		67412A1F1F6A13EF008DBAED /* euler */ = {
			isa = PBXNativeTarget;
			buildConfigurationList = 67412A271F6A13EF008DBAED /* Build configuration list for PBXNativeTarget "euler" */;
			buildPhases = (
				67412A1C1F6A13EF008DBAED /* Sources */,
				67412A1D1F6A13EF008DBAED /* Frameworks */,
				67412A1E1F6A13EF008DBAED /* CopyFiles */,
			);
			buildRules = (
			);
			dependencies = (
			);
			name = euler;
			productName = euler;
			productReference = 67412A201F6A13EF008DBAED /* euler */;
			productType = "com.apple.product-type.tool";
		};
/* End PBXNativeTarget section */

/* Begin PBXProject section */
		67412A181F6A13EF008DBAED /* Project object */ = {
			isa = PBXProject;
			attributes = {
				LastSwiftUpdateCheck = 0830;
				LastUpgradeCheck = 0830;
				ORGANIZATIONNAME = crc;
				TargetAttributes = {
					67412A1F1F6A13EF008DBAED = {
						CreatedOnToolsVersion = 8.3.3;
						ProvisioningStyle = Automatic;
					};
				};
			};
			buildConfigurationList = 67412A1B1F6A13EF008DBAED /* Build configuration list for PBXProject "euler" */;
			compatibilityVersion = "Xcode 3.2";
			developmentRegion = English;
			hasScannedForEncodings = 0;
			knownRegions = (
				en,
			);
			mainGroup = 67412A171F6A13EF008DBAED;
			productRefGroup = 67412A211F6A13EF008DBAED /* Products */;
			projectDirPath = "";
			projectRoot = "";
			targets = (
				67412A1F1F6A13EF008DBAED /* euler */,
			);
		};
/* End PBXProject section */

/* Begin PBXSourcesBuildPhase section */
		67412A1C1F6A13EF008DBAED /* Sources */ = {
			isa = PBXSourcesBuildPhase;
			buildActionMask = 2147483647;
			files = (
				67412A331F6B6219008DBAED /* euler5.swift in Sources */,
				2CAFA86F1F6BE02900A56E6C /* support.swift in Sources */,
				67412A241F6A13EF008DBAED /* main.swift in Sources */,
				2CAFA8731F6BE2EF00A56E6C /* euler14.swift in Sources */,
				67412A2B1F6A14A2008DBAED /* euler1.swift in Sources */,
				67412A311F6B4933008DBAED /* euler4.swift in Sources */,
				2C4BAF2E1F6AB48600CC7443 /* euler6.swift in Sources */,
				2CAFA86D1F6BDD0600A56E6C /* euler9.swift in Sources */,
				2CAFA8711F6BE04900A56E6C /* euler7.swift in Sources */,
				67412A2D1F6A1631008DBAED /* euler2.swift in Sources */,
				67412A2F1F6A1793008DBAED /* euler3.swift in Sources */,
			);
			runOnlyForDeploymentPostprocessing = 0;
		};
/* End PBXSourcesBuildPhase section */

/* Begin XCBuildConfiguration section */
		67412A251F6A13EF008DBAED /* Debug */ = {
			isa = XCBuildConfiguration;
			buildSettings = {
				ALWAYS_SEARCH_USER_PATHS = NO;
				CLANG_ANALYZER_NONNULL = YES;
				CLANG_ANALYZER_NUMBER_OBJECT_CONVERSION = YES_AGGRESSIVE;
				CLANG_CXX_LANGUAGE_STANDARD = "gnu++0x";
				CLANG_CXX_LIBRARY = "libc++";
				CLANG_ENABLE_MODULES = YES;
				CLANG_ENABLE_OBJC_ARC = YES;
				CLANG_WARN_BOOL_CONVERSION = YES;
				CLANG_WARN_CONSTANT_CONVERSION = YES;
				CLANG_WARN_DIRECT_OBJC_ISA_USAGE = YES_ERROR;
				CLANG_WARN_DOCUMENTATION_COMMENTS = YES;
				CLANG_WARN_EMPTY_BODY = YES;
				CLANG_WARN_ENUM_CONVERSION = YES;
				CLANG_WARN_INFINITE_RECURSION = YES;
				CLANG_WARN_INT_CONVERSION = YES;
				CLANG_WARN_OBJC_ROOT_CLASS = YES_ERROR;
				CLANG_WARN_SUSPICIOUS_MOVE = YES;
				CLANG_WARN_UNREACHABLE_CODE = YES;
				CLANG_WARN__DUPLICATE_METHOD_MATCH = YES;
				CODE_SIGN_IDENTITY = "-";
				COPY_PHASE_STRIP = NO;
				DEBUG_INFORMATION_FORMAT = dwarf;
				ENABLE_STRICT_OBJC_MSGSEND = YES;
				ENABLE_TESTABILITY = YES;
				GCC_C_LANGUAGE_STANDARD = gnu99;
				GCC_DYNAMIC_NO_PIC = NO;
				GCC_NO_COMMON_BLOCKS = YES;
				GCC_OPTIMIZATION_LEVEL = 0;
				GCC_PREPROCESSOR_DEFINITIONS = (
					"DEBUG=1",
					"$(inherited)",
				);
				GCC_WARN_64_TO_32_BIT_CONVERSION = YES;
				GCC_WARN_ABOUT_RETURN_TYPE = YES_ERROR;
				GCC_WARN_UNDECLARED_SELECTOR = YES;
				GCC_WARN_UNINITIALIZED_AUTOS = YES_AGGRESSIVE;
				GCC_WARN_UNUSED_FUNCTION = YES;
				GCC_WARN_UNUSED_VARIABLE = YES;
				MACOSX_DEPLOYMENT_TARGET = 10.12;
				MTL_ENABLE_DEBUG_INFO = YES;
				ONLY_ACTIVE_ARCH = YES;
				SDKROOT = macosx;
				SWIFT_OPTIMIZATION_LEVEL = "-Onone";
			};
			name = Debug;
		};
		67412A261F6A13EF008DBAED /* Release */ = {
			isa = XCBuildConfiguration;
			buildSettings = {
				ALWAYS_SEARCH_USER_PATHS = NO;
				CLANG_ANALYZER_NONNULL = YES;
				CLANG_ANALYZER_NUMBER_OBJECT_CONVERSION = YES_AGGRESSIVE;
				CLANG_CXX_LANGUAGE_STANDARD = "gnu++0x";
				CLANG_CXX_LIBRARY = "libc++";
				CLANG_ENABLE_MODULES = YES;
				CLANG_ENABLE_OBJC_ARC = YES;
				CLANG_WARN_BOOL_CONVERSION = YES;
				CLANG_WARN_CONSTANT_CONVERSION = YES;
				CLANG_WARN_DIRECT_OBJC_ISA_USAGE = YES_ERROR;
				CLANG_WARN_DOCUMENTATION_COMMENTS = YES;
				CLANG_WARN_EMPTY_BODY = YES;
				CLANG_WARN_ENUM_CONVERSION = YES;
				CLANG_WARN_INFINITE_RECURSION = YES;
				CLANG_WARN_INT_CONVERSION = YES;
				CLANG_WARN_OBJC_ROOT_CLASS = YES_ERROR;
				CLANG_WARN_SUSPICIOUS_MOVE = YES;
				CLANG_WARN_UNREACHABLE_CODE = YES;
				CLANG_WARN__DUPLICATE_METHOD_MATCH = YES;
				CODE_SIGN_IDENTITY = "-";
				COPY_PHASE_STRIP = NO;
				DEBUG_INFORMATION_FORMAT = "dwarf-with-dsym";
				ENABLE_NS_ASSERTIONS = NO;
				ENABLE_STRICT_OBJC_MSGSEND = YES;
				GCC_C_LANGUAGE_STANDARD = gnu99;
				GCC_NO_COMMON_BLOCKS = YES;
				GCC_WARN_64_TO_32_BIT_CONVERSION = YES;
				GCC_WARN_ABOUT_RETURN_TYPE = YES_ERROR;
				GCC_WARN_UNDECLARED_SELECTOR = YES;
				GCC_WARN_UNINITIALIZED_AUTOS = YES_AGGRESSIVE;
				GCC_WARN_UNUSED_FUNCTION = YES;
				GCC_WARN_UNUSED_VARIABLE = YES;
				MACOSX_DEPLOYMENT_TARGET = 10.12;
				MTL_ENABLE_DEBUG_INFO = NO;
				SDKROOT = macosx;
			};
			name = Release;
		};
		67412A281F6A13EF008DBAED /* Debug */ = {
			isa = XCBuildConfiguration;
			buildSettings = {
				PRODUCT_NAME = "$(TARGET_NAME)";
				SWIFT_VERSION = 3.0;
			};
			name = Debug;
		};
		67412A291F6A13EF008DBAED /* Release */ = {
			isa = XCBuildConfiguration;
			buildSettings = {
				PRODUCT_NAME = "$(TARGET_NAME)";
				SWIFT_VERSION = 3.0;
			};
			name = Release;
		};
/* End XCBuildConfiguration section */

/* Begin XCConfigurationList section */
		67412A1B1F6A13EF008DBAED /* Build configuration list for PBXProject "euler" */ = {
			isa = XCConfigurationList;
			buildConfigurations = (
				67412A251F6A13EF008DBAED /* Debug */,
				67412A261F6A13EF008DBAED /* Release */,
			);
			defaultConfigurationIsVisible = 0;
			defaultConfigurationName = Release;
		};
		67412A271F6A13EF008DBAED /* Build configuration list for PBXNativeTarget "euler" */ = {
			isa = XCConfigurationList;
			buildConfigurations = (
				67412A281F6A13EF008DBAED /* Debug */,
				67412A291F6A13EF008DBAED /* Release */,
			);
			defaultConfigurationIsVisible = 0;
			defaultConfigurationName = Release;
		};
/* End XCConfigurationList section */
	};
	rootObject = 67412A181F6A13EF008DBAED /* Project object */;
}
